
Microsoft Visual Studio Solution File, Format Version 12.00
# Visual Studio Version 17
VisualStudioVersion = 17.11.35327.3
MinimumVisualStudioVersion = 10.0.40219.1
Project("{9A19103F-16F7-4668-BE54-9A1E7A4F7556}") = "NGDetector", "NGDetector.csproj", "{82DA186E-CE4C-433D-B676-D909BF097ED5}"
EndProject
Project("{9A19103F-16F7-4668-BE54-9A1E7A4F7556}") = "NgMLModel_ConsoleApp1", "..\NgMLModel_ConsoleApp1\NgMLModel_ConsoleApp1.csproj", "{4D708D53-AC47-49BC-BCB2-7CEC45B7AC5B}"
EndProject
Global
	GlobalSection(SolutionConfigurationPlatforms) = preSolution
		Debug|Any CPU = Debug|Any CPU
		Release|Any CPU = Release|Any CPU
	EndGlobalSection
	GlobalSection(ProjectConfigurationPlatforms) = postSolution
		{82DA186E-CE4C-433D-B676-D909BF097ED5}.Debug|Any CPU.ActiveCfg = Debug|Any CPU
		{82DA186E-CE4C-433D-B676-D909BF097ED5}.Debug|Any CPU.Build.0 = Debug|Any CPU
		{82DA186E-CE4C-433D-B676-D909BF097ED5}.Release|Any CPU.ActiveCfg = Release|Any CPU
		{82DA186E-CE4C-433D-B676-D909BF097ED5}.Release|Any CPU.Build.0 = Release|Any CPU
		{4D708D53-AC47-49BC-BCB2-7CEC45B7AC5B}.Debug|Any CPU.ActiveCfg = Debug|Any CPU
		{4D708D53-AC47-49BC-BCB2-7CEC45B7AC5B}.Debug|Any CPU.Build.0 = Debug|Any CPU
		{4D708D53-AC47-49BC-BCB2-7CEC45B7AC5B}.Release|Any CPU.ActiveCfg = Release|Any CPU
		{4D708D53-AC47-49BC-BCB2-7CEC45B7AC5B}.Release|Any CPU.Build.0 = Release|Any CPU
	EndGlobalSection
	GlobalSection(SolutionProperties) = preSolution
		HideSolutionNode = FALSE
	EndGlobalSection
	GlobalSection(ExtensibilityGlobals) = postSolution
		SolutionGuid = {DBA86649-9B56-4B8E-9AEA-C87CAD449D49}
	EndGlobalSection
EndGlobal
